
Microsoft Visual Studio Solution File, Format Version 12.00
# Visual Studio Version 16
VisualStudioVersion = 16.0.30517.126
MinimumVisualStudioVersion = 10.0.40219.1
Project("{FAE04EC0-301F-11D3-BF4B-00C04F79EFBC}") = "Azure-Web-Hello-App1", "Azure-Web-Hello-App1\Azure-Web-Hello-App1.csproj", "{7243EF00-E72B-4D23-B101-74306ED5B11B}"
EndProject
Global
	GlobalSection(SolutionConfigurationPlatforms) = preSolution
		Debug|Any CPU = Debug|Any CPU
		Release|Any CPU = Release|Any CPU
	EndGlobalSection
	GlobalSection(ProjectConfigurationPlatforms) = postSolution
		{7243EF00-E72B-4D23-B101-74306ED5B11B}.Debug|Any CPU.ActiveCfg = Debug|Any CPU
		{7243EF00-E72B-4D23-B101-74306ED5B11B}.Debug|Any CPU.Build.0 = Debug|Any CPU
		{7243EF00-E72B-4D23-B101-74306ED5B11B}.Release|Any CPU.ActiveCfg = Release|Any CPU
		{7243EF00-E72B-4D23-B101-74306ED5B11B}.Release|Any CPU.Build.0 = Release|Any CPU
	EndGlobalSection
	GlobalSection(SolutionProperties) = preSolution
		HideSolutionNode = FALSE
	EndGlobalSection
	GlobalSection(ExtensibilityGlobals) = postSolution
		SolutionGuid = {60B037A4-4E03-4CAE-BE9D-E3C48CDBC951}
	EndGlobalSection
EndGlobal
